// !$*UTF8*$!
{
	archiveVersion = 1;
	classes = {
	};
	objectVersion = 56;
	objects = {

/* Begin PBXBuildFile section */
		AC1296512C3A4BF9007B7E5B /* AppDelegate.swift in Sources */ = {isa = PBXBuildFile; fileRef = AC1296502C3A4BF9007B7E5B /* AppDelegate.swift */; };
		AC1296532C3A4BF9007B7E5B /* SceneDelegate.swift in Sources */ = {isa = PBXBuildFile; fileRef = AC1296522C3A4BF9007B7E5B /* SceneDelegate.swift */; };
		AC1296552C3A4BF9007B7E5B /* ViewController.swift in Sources */ = {isa = PBXBuildFile; fileRef = AC1296542C3A4BF9007B7E5B /* ViewController.swift */; };
		AC1296582C3A4BF9007B7E5B /* Base in Resources */ = {isa = PBXBuildFile; fileRef = AC1296572C3A4BF9007B7E5B /* Base */; };
		AC12965A2C3A4BFA007B7E5B /* Assets.xcassets in Resources */ = {isa = PBXBuildFile; fileRef = AC1296592C3A4BFA007B7E5B /* Assets.xcassets */; };
		AC12965D2C3A4BFA007B7E5B /* Base in Resources */ = {isa = PBXBuildFile; fileRef = AC12965C2C3A4BFA007B7E5B /* Base */; };
		AC1296682C3A4BFA007B7E5B /* NixDemoTests.swift in Sources */ = {isa = PBXBuildFile; fileRef = AC1296672C3A4BFA007B7E5B /* NixDemoTests.swift */; };
		AC1296722C3A4BFA007B7E5B /* NixDemoUITests.swift in Sources */ = {isa = PBXBuildFile; fileRef = AC1296712C3A4BFA007B7E5B /* NixDemoUITests.swift */; };
		AC1296742C3A4BFA007B7E5B /* NixDemoUITestsLaunchTests.swift in Sources */ = {isa = PBXBuildFile; fileRef = AC1296732C3A4BFA007B7E5B /* NixDemoUITestsLaunchTests.swift */; };
/* End PBXBuildFile section */

/* Begin PBXContainerItemProxy section */
		AC1296642C3A4BFA007B7E5B /* PBXContainerItemProxy */ = {
			isa = PBXContainerItemProxy;
			containerPortal = AC1296452C3A4BF9007B7E5B /* Project object */;
			proxyType = 1;
			remoteGlobalIDString = AC12964C2C3A4BF9007B7E5B;
			remoteInfo = NixDemo;
		};
		AC12966E2C3A4BFA007B7E5B /* PBXContainerItemProxy */ = {
			isa = PBXContainerItemProxy;
			containerPortal = AC1296452C3A4BF9007B7E5B /* Project object */;
			proxyType = 1;
			remoteGlobalIDString = AC12964C2C3A4BF9007B7E5B;
			remoteInfo = NixDemo;
		};
/* End PBXContainerItemProxy section */

/* Begin PBXFileReference section */
		AC12964D2C3A4BF9007B7E5B /* NixDemo.app */ = {isa = PBXFileReference; explicitFileType = wrapper.application; includeInIndex = 0; path = NixDemo.app; sourceTree = BUILT_PRODUCTS_DIR; };
		AC1296502C3A4BF9007B7E5B /* AppDelegate.swift */ = {isa = PBXFileReference; lastKnownFileType = sourcecode.swift; path = AppDelegate.swift; sourceTree = "<group>"; };
		AC1296522C3A4BF9007B7E5B /* SceneDelegate.swift */ = {isa = PBXFileReference; lastKnownFileType = sourcecode.swift; path = SceneDelegate.swift; sourceTree = "<group>"; };
		AC1296542C3A4BF9007B7E5B /* ViewController.swift */ = {isa = PBXFileReference; lastKnownFileType = sourcecode.swift; path = ViewController.swift; sourceTree = "<group>"; };
		AC1296572C3A4BF9007B7E5B /* Base */ = {isa = PBXFileReference; lastKnownFileType = file.storyboard; name = Base; path = Base.lproj/Main.storyboard; sourceTree = "<group>"; };
		AC1296592C3A4BFA007B7E5B /* Assets.xcassets */ = {isa = PBXFileReference; lastKnownFileType = folder.assetcatalog; path = Assets.xcassets; sourceTree = "<group>"; };
		AC12965C2C3A4BFA007B7E5B /* Base */ = {isa = PBXFileReference; lastKnownFileType = file.storyboard; name = Base; path = Base.lproj/LaunchScreen.storyboard; sourceTree = "<group>"; };
		AC12965E2C3A4BFA007B7E5B /* Info.plist */ = {isa = PBXFileReference; lastKnownFileType = text.plist.xml; path = Info.plist; sourceTree = "<group>"; };
		AC1296632C3A4BFA007B7E5B /* NixDemoTests.xctest */ = {isa = PBXFileReference; explicitFileType = wrapper.cfbundle; includeInIndex = 0; path = NixDemoTests.xctest; sourceTree = BUILT_PRODUCTS_DIR; };
		AC1296672C3A4BFA007B7E5B /* NixDemoTests.swift */ = {isa = PBXFileReference; lastKnownFileType = sourcecode.swift; path = NixDemoTests.swift; sourceTree = "<group>"; };
		AC12966D2C3A4BFA007B7E5B /* NixDemoUITests.xctest */ = {isa = PBXFileReference; explicitFileType = wrapper.cfbundle; includeInIndex = 0; path = NixDemoUITests.xctest; sourceTree = BUILT_PRODUCTS_DIR; };
		AC1296712C3A4BFA007B7E5B /* NixDemoUITests.swift */ = {isa = PBXFileReference; lastKnownFileType = sourcecode.swift; path = NixDemoUITests.swift; sourceTree = "<group>"; };
		AC1296732C3A4BFA007B7E5B /* NixDemoUITestsLaunchTests.swift */ = {isa = PBXFileReference; lastKnownFileType = sourcecode.swift; path = NixDemoUITestsLaunchTests.swift; sourceTree = "<group>"; };
/* End PBXFileReference section */

/* Begin PBXFrameworksBuildPhase section */
		AC12964A2C3A4BF9007B7E5B /* Frameworks */ = {
			isa = PBXFrameworksBuildPhase;
			buildActionMask = 2147483647;
			files = (
			);
			runOnlyForDeploymentPostprocessing = 0;
		};
		AC1296602C3A4BFA007B7E5B /* Frameworks */ = {
			isa = PBXFrameworksBuildPhase;
			buildActionMask = 2147483647;
			files = (
			);
			runOnlyForDeploymentPostprocessing = 0;
		};
		AC12966A2C3A4BFA007B7E5B /* Frameworks */ = {
			isa = PBXFrameworksBuildPhase;
			buildActionMask = 2147483647;
			files = (
			);
			runOnlyForDeploymentPostprocessing = 0;
		};
/* End PBXFrameworksBuildPhase section */

/* Begin PBXGroup section */
		AC1296442C3A4BF9007B7E5B = {
			isa = PBXGroup;
			children = (
				AC12964F2C3A4BF9007B7E5B /* NixDemo */,
				AC1296662C3A4BFA007B7E5B /* NixDemoTests */,
				AC1296702C3A4BFA007B7E5B /* NixDemoUITests */,
				AC12964E2C3A4BF9007B7E5B /* Products */,
			);
			sourceTree = "<group>";
		};
		AC12964E2C3A4BF9007B7E5B /* Products */ = {
			isa = PBXGroup;
			children = (
				AC12964D2C3A4BF9007B7E5B /* NixDemo.app */,
				AC1296632C3A4BFA007B7E5B /* NixDemoTests.xctest */,
				AC12966D2C3A4BFA007B7E5B /* NixDemoUITests.xctest */,
			);
			name = Products;
			sourceTree = "<group>";
		};
		AC12964F2C3A4BF9007B7E5B /* NixDemo */ = {
			isa = PBXGroup;
			children = (
				AC1296502C3A4BF9007B7E5B /* AppDelegate.swift */,
				AC1296522C3A4BF9007B7E5B /* SceneDelegate.swift */,
				AC1296542C3A4BF9007B7E5B /* ViewController.swift */,
				AC1296562C3A4BF9007B7E5B /* Main.storyboard */,
				AC1296592C3A4BFA007B7E5B /* Assets.xcassets */,
				AC12965B2C3A4BFA007B7E5B /* LaunchScreen.storyboard */,
				AC12965E2C3A4BFA007B7E5B /* Info.plist */,
			);
			path = NixDemo;
			sourceTree = "<group>";
		};
		AC1296662C3A4BFA007B7E5B /* NixDemoTests */ = {
			isa = PBXGroup;
			children = (
				AC1296672C3A4BFA007B7E5B /* NixDemoTests.swift */,
			);
			path = NixDemoTests;
			sourceTree = "<group>";
		};
		AC1296702C3A4BFA007B7E5B /* NixDemoUITests */ = {
			isa = PBXGroup;
			children = (
				AC1296712C3A4BFA007B7E5B /* NixDemoUITests.swift */,
				AC1296732C3A4BFA007B7E5B /* NixDemoUITestsLaunchTests.swift */,
			);
			path = NixDemoUITests;
			sourceTree = "<group>";
		};
/* End PBXGroup section */

/* Begin PBXNativeTarget section */
		AC12964C2C3A4BF9007B7E5B /* NixDemo */ = {
			isa = PBXNativeTarget;
			buildConfigurationList = AC1296772C3A4BFA007B7E5B /* Build configuration list for PBXNativeTarget "NixDemo" */;
			buildPhases = (
				AC1296492C3A4BF9007B7E5B /* Sources */,
				AC12964A2C3A4BF9007B7E5B /* Frameworks */,
				AC12964B2C3A4BF9007B7E5B /* Resources */,
			);
			buildRules = (
			);
			dependencies = (
			);
			name = NixDemo;
			productName = NixDemo;
			productReference = AC12964D2C3A4BF9007B7E5B /* NixDemo.app */;
			productType = "com.apple.product-type.application";
		};
		AC1296622C3A4BFA007B7E5B /* NixDemoTests */ = {
			isa = PBXNativeTarget;
			buildConfigurationList = AC12967A2C3A4BFA007B7E5B /* Build configuration list for PBXNativeTarget "NixDemoTests" */;
			buildPhases = (
				AC12965F2C3A4BFA007B7E5B /* Sources */,
				AC1296602C3A4BFA007B7E5B /* Frameworks */,
				AC1296612C3A4BFA007B7E5B /* Resources */,
			);
			buildRules = (
			);
			dependencies = (
				AC1296652C3A4BFA007B7E5B /* PBXTargetDependency */,
			);
			name = NixDemoTests;
			productName = NixDemoTests;
			productReference = AC1296632C3A4BFA007B7E5B /* NixDemoTests.xctest */;
			productType = "com.apple.product-type.bundle.unit-test";
		};
		AC12966C2C3A4BFA007B7E5B /* NixDemoUITests */ = {
			isa = PBXNativeTarget;
			buildConfigurationList = AC12967D2C3A4BFA007B7E5B /* Build configuration list for PBXNativeTarget "NixDemoUITests" */;
			buildPhases = (
				AC1296692C3A4BFA007B7E5B /* Sources */,
				AC12966A2C3A4BFA007B7E5B /* Frameworks */,
				AC12966B2C3A4BFA007B7E5B /* Resources */,
			);
			buildRules = (
			);
			dependencies = (
				AC12966F2C3A4BFA007B7E5B /* PBXTargetDependency */,
			);
			name = NixDemoUITests;
			productName = NixDemoUITests;
			productReference = AC12966D2C3A4BFA007B7E5B /* NixDemoUITests.xctest */;
			productType = "com.apple.product-type.bundle.ui-testing";
		};
/* End PBXNativeTarget section */

/* Begin PBXProject section */
		AC1296452C3A4BF9007B7E5B /* Project object */ = {
			isa = PBXProject;
			attributes = {
				BuildIndependentTargetsInParallel = 1;
				LastSwiftUpdateCheck = 1540;
				LastUpgradeCheck = 1540;
				TargetAttributes = {
					AC12964C2C3A4BF9007B7E5B = {
						CreatedOnToolsVersion = 15.4;
					};
					AC1296622C3A4BFA007B7E5B = {
						CreatedOnToolsVersion = 15.4;
						TestTargetID = AC12964C2C3A4BF9007B7E5B;
					};
					AC12966C2C3A4BFA007B7E5B = {
						CreatedOnToolsVersion = 15.4;
						TestTargetID = AC12964C2C3A4BF9007B7E5B;
					};
				};
			};
			buildConfigurationList = AC1296482C3A4BF9007B7E5B /* Build configuration list for PBXProject "NixDemo" */;
			compatibilityVersion = "Xcode 14.0";
			developmentRegion = en;
			hasScannedForEncodings = 0;
			knownRegions = (
				en,
				Base,
			);
			mainGroup = AC1296442C3A4BF9007B7E5B;
			productRefGroup = AC12964E2C3A4BF9007B7E5B /* Products */;
			projectDirPath = "";
			projectRoot = "";
			targets = (
				AC12964C2C3A4BF9007B7E5B /* NixDemo */,
				AC1296622C3A4BFA007B7E5B /* NixDemoTests */,
				AC12966C2C3A4BFA007B7E5B /* NixDemoUITests */,
			);
		};
/* End PBXProject section */

/* Begin PBXResourcesBuildPhase section */
		AC12964B2C3A4BF9007B7E5B /* Resources */ = {
			isa = PBXResourcesBuildPhase;
			buildActionMask = 2147483647;
			files = (
				AC12965A2C3A4BFA007B7E5B /* Assets.xcassets in Resources */,
				AC12965D2C3A4BFA007B7E5B /* Base in Resources */,
				AC1296582C3A4BF9007B7E5B /* Base in Resources */,
			);
			runOnlyForDeploymentPostprocessing = 0;
		};
		AC1296612C3A4BFA007B7E5B /* Resources */ = {
			isa = PBXResourcesBuildPhase;
			buildActionMask = 2147483647;
			files = (
			);
			runOnlyForDeploymentPostprocessing = 0;
		};
		AC12966B2C3A4BFA007B7E5B /* Resources */ = {
			isa = PBXResourcesBuildPhase;
			buildActionMask = 2147483647;
			files = (
			);
			runOnlyForDeploymentPostprocessing = 0;
		};
/* End PBXResourcesBuildPhase section */

/* Begin PBXSourcesBuildPhase section */
		AC1296492C3A4BF9007B7E5B /* Sources */ = {
			isa = PBXSourcesBuildPhase;
			buildActionMask = 2147483647;
			files = (
				AC1296552C3A4BF9007B7E5B /* ViewController.swift in Sources */,
				AC1296512C3A4BF9007B7E5B /* AppDelegate.swift in Sources */,
				AC1296532C3A4BF9007B7E5B /* SceneDelegate.swift in Sources */,
			);
			runOnlyForDeploymentPostprocessing = 0;
		};
		AC12965F2C3A4BFA007B7E5B /* Sources */ = {
			isa = PBXSourcesBuildPhase;
			buildActionMask = 2147483647;
			files = (
				AC1296682C3A4BFA007B7E5B /* NixDemoTests.swift in Sources */,
			);
			runOnlyForDeploymentPostprocessing = 0;
		};
		AC1296692C3A4BFA007B7E5B /* Sources */ = {
			isa = PBXSourcesBuildPhase;
			buildActionMask = 2147483647;
			files = (
				AC1296722C3A4BFA007B7E5B /* NixDemoUITests.swift in Sources */,
				AC1296742C3A4BFA007B7E5B /* NixDemoUITestsLaunchTests.swift in Sources */,
			);
			runOnlyForDeploymentPostprocessing = 0;
		};
/* End PBXSourcesBuildPhase section */

/* Begin PBXTargetDependency section */
		AC1296652C3A4BFA007B7E5B /* PBXTargetDependency */ = {
			isa = PBXTargetDependency;
			target = AC12964C2C3A4BF9007B7E5B /* NixDemo */;
			targetProxy = AC1296642C3A4BFA007B7E5B /* PBXContainerItemProxy */;
		};
		AC12966F2C3A4BFA007B7E5B /* PBXTargetDependency */ = {
			isa = PBXTargetDependency;
			target = AC12964C2C3A4BF9007B7E5B /* NixDemo */;
			targetProxy = AC12966E2C3A4BFA007B7E5B /* PBXContainerItemProxy */;
		};
/* End PBXTargetDependency section */

/* Begin PBXVariantGroup section */
		AC1296562C3A4BF9007B7E5B /* Main.storyboard */ = {
			isa = PBXVariantGroup;
			children = (
				AC1296572C3A4BF9007B7E5B /* Base */,
			);
			name = Main.storyboard;
			sourceTree = "<group>";
		};
		AC12965B2C3A4BFA007B7E5B /* LaunchScreen.storyboard */ = {
			isa = PBXVariantGroup;
			children = (
				AC12965C2C3A4BFA007B7E5B /* Base */,
			);
			name = LaunchScreen.storyboard;
			sourceTree = "<group>";
		};
/* End PBXVariantGroup section */

/* Begin XCBuildConfiguration section */
		AC1296752C3A4BFA007B7E5B /* Debug */ = {
			isa = XCBuildConfiguration;
			buildSettings = {
				ALWAYS_SEARCH_USER_PATHS = NO;
				ASSETCATALOG_COMPILER_GENERATE_SWIFT_ASSET_SYMBOL_EXTENSIONS = YES;
				CLANG_ANALYZER_NONNULL = YES;
				CLANG_ANALYZER_NUMBER_OBJECT_CONVERSION = YES_AGGRESSIVE;
				CLANG_CXX_LANGUAGE_STANDARD = "gnu++20";
				CLANG_ENABLE_MODULES = YES;
				CLANG_ENABLE_OBJC_ARC = YES;
				CLANG_ENABLE_OBJC_WEAK = YES;
				CLANG_WARN_BLOCK_CAPTURE_AUTORELEASING = YES;
				CLANG_WARN_BOOL_CONVERSION = YES;
				CLANG_WARN_COMMA = YES;
				CLANG_WARN_CONSTANT_CONVERSION = YES;
				CLANG_WARN_DEPRECATED_OBJC_IMPLEMENTATIONS = YES;
				CLANG_WARN_DIRECT_OBJC_ISA_USAGE = YES_ERROR;
				CLANG_WARN_DOCUMENTATION_COMMENTS = YES;
				CLANG_WARN_EMPTY_BODY = YES;
				CLANG_WARN_ENUM_CONVERSION = YES;
				CLANG_WARN_INFINITE_RECURSION = YES;
				CLANG_WARN_INT_CONVERSION = YES;
				CLANG_WARN_NON_LITERAL_NULL_CONVERSION = YES;
				CLANG_WARN_OBJC_IMPLICIT_RETAIN_SELF = YES;
				CLANG_WARN_OBJC_LITERAL_CONVERSION = YES;
				CLANG_WARN_OBJC_ROOT_CLASS = YES_ERROR;
				CLANG_WARN_QUOTED_INCLUDE_IN_FRAMEWORK_HEADER = YES;
				CLANG_WARN_RANGE_LOOP_ANALYSIS = YES;
				CLANG_WARN_STRICT_PROTOTYPES = YES;
				CLANG_WARN_SUSPICIOUS_MOVE = YES;
				CLANG_WARN_UNGUARDED_AVAILABILITY = YES_AGGRESSIVE;
				CLANG_WARN_UNREACHABLE_CODE = YES;
				CLANG_WARN__DUPLICATE_METHOD_MATCH = YES;
				COPY_PHASE_STRIP = NO;
				DEBUG_INFORMATION_FORMAT = dwarf;
				ENABLE_STRICT_OBJC_MSGSEND = YES;
				ENABLE_TESTABILITY = YES;
				ENABLE_USER_SCRIPT_SANDBOXING = YES;
				GCC_C_LANGUAGE_STANDARD = gnu17;
				GCC_DYNAMIC_NO_PIC = NO;
				GCC_NO_COMMON_BLOCKS = YES;
				GCC_OPTIMIZATION_LEVEL = 0;
				GCC_PREPROCESSOR_DEFINITIONS = (
					"DEBUG=1",
					"$(inherited)",
				);
				GCC_WARN_64_TO_32_BIT_CONVERSION = YES;
				GCC_WARN_ABOUT_RETURN_TYPE = YES_ERROR;
				GCC_WARN_UNDECLARED_SELECTOR = YES;
				GCC_WARN_UNINITIALIZED_AUTOS = YES_AGGRESSIVE;
				GCC_WARN_UNUSED_FUNCTION = YES;
				GCC_WARN_UNUSED_VARIABLE = YES;
				IPHONEOS_DEPLOYMENT_TARGET = 17.5;
				LOCALIZATION_PREFERS_STRING_CATALOGS = YES;
				MTL_ENABLE_DEBUG_INFO = INCLUDE_SOURCE;
				MTL_FAST_MATH = YES;
				ONLY_ACTIVE_ARCH = YES;
				SDKROOT = iphoneos;
				SWIFT_ACTIVE_COMPILATION_CONDITIONS = "DEBUG $(inherited)";
				SWIFT_OPTIMIZATION_LEVEL = "-Onone";
			};
			name = Debug;
		};
		AC1296762C3A4BFA007B7E5B /* Release */ = {
			isa = XCBuildConfiguration;
			buildSettings = {
				ALWAYS_SEARCH_USER_PATHS = NO;
				ASSETCATALOG_COMPILER_GENERATE_SWIFT_ASSET_SYMBOL_EXTENSIONS = YES;
				CLANG_ANALYZER_NONNULL = YES;
				CLANG_ANALYZER_NUMBER_OBJECT_CONVERSION = YES_AGGRESSIVE;
				CLANG_CXX_LANGUAGE_STANDARD = "gnu++20";
				CLANG_ENABLE_MODULES = YES;
				CLANG_ENABLE_OBJC_ARC = YES;
				CLANG_ENABLE_OBJC_WEAK = YES;
				CLANG_WARN_BLOCK_CAPTURE_AUTORELEASING = YES;
				CLANG_WARN_BOOL_CONVERSION = YES;
				CLANG_WARN_COMMA = YES;
				CLANG_WARN_CONSTANT_CONVERSION = YES;
				CLANG_WARN_DEPRECATED_OBJC_IMPLEMENTATIONS = YES;
				CLANG_WARN_DIRECT_OBJC_ISA_USAGE = YES_ERROR;
				CLANG_WARN_DOCUMENTATION_COMMENTS = YES;
				CLANG_WARN_EMPTY_BODY = YES;
				CLANG_WARN_ENUM_CONVERSION = YES;
				CLANG_WARN_INFINITE_RECURSION = YES;
				CLANG_WARN_INT_CONVERSION = YES;
				CLANG_WARN_NON_LITERAL_NULL_CONVERSION = YES;
				CLANG_WARN_OBJC_IMPLICIT_RETAIN_SELF = YES;
				CLANG_WARN_OBJC_LITERAL_CONVERSION = YES;
				CLANG_WARN_OBJC_ROOT_CLASS = YES_ERROR;
				CLANG_WARN_QUOTED_INCLUDE_IN_FRAMEWORK_HEADER = YES;
				CLANG_WARN_RANGE_LOOP_ANALYSIS = YES;
				CLANG_WARN_STRICT_PROTOTYPES = YES;
				CLANG_WARN_SUSPICIOUS_MOVE = YES;
				CLANG_WARN_UNGUARDED_AVAILABILITY = YES_AGGRESSIVE;
				CLANG_WARN_UNREACHABLE_CODE = YES;
				CLANG_WARN__DUPLICATE_METHOD_MATCH = YES;
				COPY_PHASE_STRIP = NO;
				DEBUG_INFORMATION_FORMAT = "dwarf-with-dsym";
				ENABLE_NS_ASSERTIONS = NO;
				ENABLE_STRICT_OBJC_MSGSEND = YES;
				ENABLE_USER_SCRIPT_SANDBOXING = YES;
				GCC_C_LANGUAGE_STANDARD = gnu17;
				GCC_NO_COMMON_BLOCKS = YES;
				GCC_WARN_64_TO_32_BIT_CONVERSION = YES;
				GCC_WARN_ABOUT_RETURN_TYPE = YES_ERROR;
				GCC_WARN_UNDECLARED_SELECTOR = YES;
				GCC_WARN_UNINITIALIZED_AUTOS = YES_AGGRESSIVE;
				GCC_WARN_UNUSED_FUNCTION = YES;
				GCC_WARN_UNUSED_VARIABLE = YES;
				IPHONEOS_DEPLOYMENT_TARGET = 17.5;
				LOCALIZATION_PREFERS_STRING_CATALOGS = YES;
				MTL_ENABLE_DEBUG_INFO = NO;
				MTL_FAST_MATH = YES;
				SDKROOT = iphoneos;
				SWIFT_COMPILATION_MODE = wholemodule;
				VALIDATE_PRODUCT = YES;
			};
			name = Release;
		};
		AC1296782C3A4BFA007B7E5B /* Debug */ = {
			isa = XCBuildConfiguration;
			buildSettings = {
				ASSETCATALOG_COMPILER_APPICON_NAME = AppIcon;
				ASSETCATALOG_COMPILER_GLOBAL_ACCENT_COLOR_NAME = AccentColor;
				CODE_SIGN_STYLE = Automatic;
				CURRENT_PROJECT_VERSION = 1;
				DEVELOPMENT_TEAM = 5N786VXL8V;
				GENERATE_INFOPLIST_FILE = YES;
				INFOPLIST_FILE = NixDemo/Info.plist;
				INFOPLIST_KEY_UIApplicationSupportsIndirectInputEvents = YES;
				INFOPLIST_KEY_UILaunchStoryboardName = LaunchScreen;
				INFOPLIST_KEY_UIMainStoryboardFile = Main;
				INFOPLIST_KEY_UISupportedInterfaceOrientations_iPad = "UIInterfaceOrientationPortrait UIInterfaceOrientationPortraitUpsideDown UIInterfaceOrientationLandscapeLeft UIInterfaceOrientationLandscapeRight";
				INFOPLIST_KEY_UISupportedInterfaceOrientations_iPhone = "UIInterfaceOrientationPortrait UIInterfaceOrientationLandscapeLeft UIInterfaceOrientationLandscapeRight";
				LD_RUNPATH_SEARCH_PATHS = (
					"$(inherited)",
					"@executable_path/Frameworks",
				);
				MARKETING_VERSION = 1.0;
				PRODUCT_BUNDLE_IDENTIFIER = com.subhamsatapathy.NixDemo;
				PRODUCT_NAME = "$(TARGET_NAME)";
				SWIFT_EMIT_LOC_STRINGS = YES;
				SWIFT_VERSION = 5.0;
				TARGETED_DEVICE_FAMILY = "1,2";
			};
			name = Debug;
		};
		AC1296792C3A4BFA007B7E5B /* Release */ = {
			isa = XCBuildConfiguration;
			buildSettings = {
				ASSETCATALOG_COMPILER_APPICON_NAME = AppIcon;
				ASSETCATALOG_COMPILER_GLOBAL_ACCENT_COLOR_NAME = AccentColor;
				CODE_SIGN_STYLE = Automatic;
				CURRENT_PROJECT_VERSION = 1;
				DEVELOPMENT_TEAM = 5N786VXL8V;
				GENERATE_INFOPLIST_FILE = YES;
				INFOPLIST_FILE = NixDemo/Info.plist;
				INFOPLIST_KEY_UIApplicationSupportsIndirectInputEvents = YES;
				INFOPLIST_KEY_UILaunchStoryboardName = LaunchScreen;
				INFOPLIST_KEY_UIMainStoryboardFile = Main;
				INFOPLIST_KEY_UISupportedInterfaceOrientations_iPad = "UIInterfaceOrientationPortrait UIInterfaceOrientationPortraitUpsideDown UIInterfaceOrientationLandscapeLeft UIInterfaceOrientationLandscapeRight";
				INFOPLIST_KEY_UISupportedInterfaceOrientations_iPhone = "UIInterfaceOrientationPortrait UIInterfaceOrientationLandscapeLeft UIInterfaceOrientationLandscapeRight";
				LD_RUNPATH_SEARCH_PATHS = (
					"$(inherited)",
					"@executable_path/Frameworks",
				);
				MARKETING_VERSION = 1.0;
				PRODUCT_BUNDLE_IDENTIFIER = com.subhamsatapathy.NixDemo;
				PRODUCT_NAME = "$(TARGET_NAME)";
				SWIFT_EMIT_LOC_STRINGS = YES;
				SWIFT_VERSION = 5.0;
				TARGETED_DEVICE_FAMILY = "1,2";
			};
			name = Release;
		};
		AC12967B2C3A4BFA007B7E5B /* Debug */ = {
			isa = XCBuildConfiguration;
			buildSettings = {
				ALWAYS_EMBED_SWIFT_STANDARD_LIBRARIES = YES;
				BUNDLE_LOADER = "$(TEST_HOST)";
				CODE_SIGN_STYLE = Automatic;
				CURRENT_PROJECT_VERSION = 1;
				DEVELOPMENT_TEAM = 5N786VXL8V;
				GENERATE_INFOPLIST_FILE = YES;
				IPHONEOS_DEPLOYMENT_TARGET = 17.5;
				MARKETING_VERSION = 1.0;
				PRODUCT_BUNDLE_IDENTIFIER = com.subhamsatapathy.NixDemoTests;
				PRODUCT_NAME = "$(TARGET_NAME)";
				SWIFT_EMIT_LOC_STRINGS = NO;
				SWIFT_VERSION = 5.0;
				TARGETED_DEVICE_FAMILY = "1,2";
				TEST_HOST = "$(BUILT_PRODUCTS_DIR)/NixDemo.app/$(BUNDLE_EXECUTABLE_FOLDER_PATH)/NixDemo";
			};
			name = Debug;
		};
		AC12967C2C3A4BFA007B7E5B /* Release */ = {
			isa = XCBuildConfiguration;
			buildSettings = {
				ALWAYS_EMBED_SWIFT_STANDARD_LIBRARIES = YES;
				BUNDLE_LOADER = "$(TEST_HOST)";
				CODE_SIGN_STYLE = Automatic;
				CURRENT_PROJECT_VERSION = 1;
				DEVELOPMENT_TEAM = 5N786VXL8V;
				GENERATE_INFOPLIST_FILE = YES;
				IPHONEOS_DEPLOYMENT_TARGET = 17.5;
				MARKETING_VERSION = 1.0;
				PRODUCT_BUNDLE_IDENTIFIER = com.subhamsatapathy.NixDemoTests;
				PRODUCT_NAME = "$(TARGET_NAME)";
				SWIFT_EMIT_LOC_STRINGS = NO;
				SWIFT_VERSION = 5.0;
				TARGETED_DEVICE_FAMILY = "1,2";
				TEST_HOST = "$(BUILT_PRODUCTS_DIR)/NixDemo.app/$(BUNDLE_EXECUTABLE_FOLDER_PATH)/NixDemo";
			};
			name = Release;
		};
		AC12967E2C3A4BFA007B7E5B /* Debug */ = {
			isa = XCBuildConfiguration;
			buildSettings = {
				ALWAYS_EMBED_SWIFT_STANDARD_LIBRARIES = YES;
				CODE_SIGN_STYLE = Automatic;
				CURRENT_PROJECT_VERSION = 1;
				DEVELOPMENT_TEAM = 5N786VXL8V;
				GENERATE_INFOPLIST_FILE = YES;
				MARKETING_VERSION = 1.0;
				PRODUCT_BUNDLE_IDENTIFIER = com.subhamsatapathy.NixDemoUITests;
				PRODUCT_NAME = "$(TARGET_NAME)";
				SWIFT_EMIT_LOC_STRINGS = NO;
				SWIFT_VERSION = 5.0;
				TARGETED_DEVICE_FAMILY = "1,2";
				TEST_TARGET_NAME = NixDemo;
			};
			name = Debug;
		};
		AC12967F2C3A4BFA007B7E5B /* Release */ = {
			isa = XCBuildConfiguration;
			buildSettings = {
				ALWAYS_EMBED_SWIFT_STANDARD_LIBRARIES = YES;
				CODE_SIGN_STYLE = Automatic;
				CURRENT_PROJECT_VERSION = 1;
				DEVELOPMENT_TEAM = 5N786VXL8V;
				GENERATE_INFOPLIST_FILE = YES;
				MARKETING_VERSION = 1.0;
				PRODUCT_BUNDLE_IDENTIFIER = com.subhamsatapathy.NixDemoUITests;
				PRODUCT_NAME = "$(TARGET_NAME)";
				SWIFT_EMIT_LOC_STRINGS = NO;
				SWIFT_VERSION = 5.0;
				TARGETED_DEVICE_FAMILY = "1,2";
				TEST_TARGET_NAME = NixDemo;
			};
			name = Release;
		};
/* End XCBuildConfiguration section */

/* Begin XCConfigurationList section */
		AC1296482C3A4BF9007B7E5B /* Build configuration list for PBXProject "NixDemo" */ = {
			isa = XCConfigurationList;
			buildConfigurations = (
				AC1296752C3A4BFA007B7E5B /* Debug */,
				AC1296762C3A4BFA007B7E5B /* Release */,
			);
			defaultConfigurationIsVisible = 0;
			defaultConfigurationName = Release;
		};
		AC1296772C3A4BFA007B7E5B /* Build configuration list for PBXNativeTarget "NixDemo" */ = {
			isa = XCConfigurationList;
			buildConfigurations = (
				AC1296782C3A4BFA007B7E5B /* Debug */,
				AC1296792C3A4BFA007B7E5B /* Release */,
			);
			defaultConfigurationIsVisible = 0;
			defaultConfigurationName = Release;
		};
		AC12967A2C3A4BFA007B7E5B /* Build configuration list for PBXNativeTarget "NixDemoTests" */ = {
			isa = XCConfigurationList;
			buildConfigurations = (
				AC12967B2C3A4BFA007B7E5B /* Debug */,
				AC12967C2C3A4BFA007B7E5B /* Release */,
			);
			defaultConfigurationIsVisible = 0;
			defaultConfigurationName = Release;
		};
		AC12967D2C3A4BFA007B7E5B /* Build configuration list for PBXNativeTarget "NixDemoUITests" */ = {
			isa = XCConfigurationList;
			buildConfigurations = (
				AC12967E2C3A4BFA007B7E5B /* Debug */,
				AC12967F2C3A4BFA007B7E5B /* Release */,
			);
			defaultConfigurationIsVisible = 0;
			defaultConfigurationName = Release;
		};
/* End XCConfigurationList section */
	};
	rootObject = AC1296452C3A4BF9007B7E5B /* Project object */;
}
